
Microsoft Visual Studio Solution File, Format Version 12.00
# Visual Studio Version 16
VisualStudioVersion = 16.0.29326.143
MinimumVisualStudioVersion = 10.0.40219.1
Project("{888888A0-9F3D-457C-B088-3A5042F75D52}") = "ENPM661_Project1", "ENPM661_Project1.pyproj", "{EB75D8E0-20A3-4D8A-A07C-23A867308F8D}"
EndProject
Global
	GlobalSection(SolutionConfigurationPlatforms) = preSolution
		Debug|Any CPU = Debug|Any CPU
		Release|Any CPU = Release|Any CPU
	EndGlobalSection
	GlobalSection(ProjectConfigurationPlatforms) = postSolution
		{EB75D8E0-20A3-4D8A-A07C-23A867308F8D}.Debug|Any CPU.ActiveCfg = Debug|Any CPU
		{EB75D8E0-20A3-4D8A-A07C-23A867308F8D}.Release|Any CPU.ActiveCfg = Release|Any CPU
	EndGlobalSection
	GlobalSection(SolutionProperties) = preSolution
		HideSolutionNode = FALSE
	EndGlobalSection
	GlobalSection(ExtensibilityGlobals) = postSolution
		SolutionGuid = {D031B6B2-1C9A-4E1B-BE30-2262BB942785}
	EndGlobalSection
EndGlobal
